// !$*UTF8*$!
{
	archiveVersion = 1;
	classes = {
	};
	objectVersion = 46;
	objects = {

/* Begin PBXBuildFile section */
		359648C11D106681003B41D9 /* AppDelegate.swift in Sources */ = {isa = PBXBuildFile; fileRef = 359648C01D106681003B41D9 /* AppDelegate.swift */; };
		359648C81D106681003B41D9 /* Assets.xcassets in Resources */ = {isa = PBXBuildFile; fileRef = 359648C71D106681003B41D9 /* Assets.xcassets */; };
		359648CB1D106681003B41D9 /* LaunchScreen.storyboard in Resources */ = {isa = PBXBuildFile; fileRef = 359648C91D106681003B41D9 /* LaunchScreen.storyboard */; };
		359648D31D106A26003B41D9 /* MyViewController.swift in Sources */ = {isa = PBXBuildFile; fileRef = 359648D21D106A26003B41D9 /* MyViewController.swift */; };
		359648D61D106AD8003B41D9 /* MyView.swift in Sources */ = {isa = PBXBuildFile; fileRef = 359648D51D106AD8003B41D9 /* MyView.swift */; };
		359648D81D107587003B41D9 /* MyTableViewController.swift in Sources */ = {isa = PBXBuildFile; fileRef = 359648D71D107587003B41D9 /* MyTableViewController.swift */; };
		359648DA1D1075D9003B41D9 /* MyTableViewCell.swift in Sources */ = {isa = PBXBuildFile; fileRef = 359648D91D1075D9003B41D9 /* MyTableViewCell.swift */; };
/* End PBXBuildFile section */

/* Begin PBXFileReference section */
		359648BD1D106680003B41D9 /* NoStoryboard.app */ = {isa = PBXFileReference; explicitFileType = wrapper.application; includeInIndex = 0; path = NoStoryboard.app; sourceTree = BUILT_PRODUCTS_DIR; };
		359648C01D106681003B41D9 /* AppDelegate.swift */ = {isa = PBXFileReference; lastKnownFileType = sourcecode.swift; path = AppDelegate.swift; sourceTree = "<group>"; };
		359648C71D106681003B41D9 /* Assets.xcassets */ = {isa = PBXFileReference; lastKnownFileType = folder.assetcatalog; path = Assets.xcassets; sourceTree = "<group>"; };
		359648CA1D106681003B41D9 /* Base */ = {isa = PBXFileReference; lastKnownFileType = file.storyboard; name = Base; path = Base.lproj/LaunchScreen.storyboard; sourceTree = "<group>"; };
		359648CC1D106681003B41D9 /* Info.plist */ = {isa = PBXFileReference; lastKnownFileType = text.plist.xml; path = Info.plist; sourceTree = "<group>"; };
		359648D21D106A26003B41D9 /* MyViewController.swift */ = {isa = PBXFileReference; fileEncoding = 4; lastKnownFileType = sourcecode.swift; path = MyViewController.swift; sourceTree = "<group>"; };
		359648D51D106AD8003B41D9 /* MyView.swift */ = {isa = PBXFileReference; fileEncoding = 4; lastKnownFileType = sourcecode.swift; path = MyView.swift; sourceTree = "<group>"; };
		359648D71D107587003B41D9 /* MyTableViewController.swift */ = {isa = PBXFileReference; fileEncoding = 4; lastKnownFileType = sourcecode.swift; path = MyTableViewController.swift; sourceTree = "<group>"; };
		359648D91D1075D9003B41D9 /* MyTableViewCell.swift */ = {isa = PBXFileReference; fileEncoding = 4; lastKnownFileType = sourcecode.swift; path = MyTableViewCell.swift; sourceTree = "<group>"; };
/* End PBXFileReference section */

/* Begin PBXFrameworksBuildPhase section */
		359648BA1D106680003B41D9 /* Frameworks */ = {
			isa = PBXFrameworksBuildPhase;
			buildActionMask = 2147483647;
			files = (
			);
			runOnlyForDeploymentPostprocessing = 0;
		};
/* End PBXFrameworksBuildPhase section */

/* Begin PBXGroup section */
		359648B41D106680003B41D9 = {
			isa = PBXGroup;
			children = (
				359648BF1D106681003B41D9 /* NoStoryboard */,
				359648BE1D106680003B41D9 /* Products */,
			);
			sourceTree = "<group>";
		};
		359648BE1D106680003B41D9 /* Products */ = {
			isa = PBXGroup;
			children = (
				359648BD1D106680003B41D9 /* NoStoryboard.app */,
			);
			name = Products;
			sourceTree = "<group>";
		};
		359648BF1D106681003B41D9 /* NoStoryboard */ = {
			isa = PBXGroup;
			children = (
				359648C01D106681003B41D9 /* AppDelegate.swift */,
				359648C71D106681003B41D9 /* Assets.xcassets */,
				359648CC1D106681003B41D9 /* Info.plist */,
				359648C91D106681003B41D9 /* LaunchScreen.storyboard */,
				359648D41D106A41003B41D9 /* User Interface */,
			);
			path = NoStoryboard;
			sourceTree = "<group>";
		};
		359648D41D106A41003B41D9 /* User Interface */ = {
			isa = PBXGroup;
			children = (
				359648D21D106A26003B41D9 /* MyViewController.swift */,
				359648D51D106AD8003B41D9 /* MyView.swift */,
				359648D71D107587003B41D9 /* MyTableViewController.swift */,
				359648D91D1075D9003B41D9 /* MyTableViewCell.swift */,
			);
			name = "User Interface";
			sourceTree = "<group>";
		};
/* End PBXGroup section */

/* Begin PBXNativeTarget section */
		359648BC1D106680003B41D9 /* NoStoryboard */ = {
			isa = PBXNativeTarget;
			buildConfigurationList = 359648CF1D106681003B41D9 /* Build configuration list for PBXNativeTarget "NoStoryboard" */;
			buildPhases = (
				359648B91D106680003B41D9 /* Sources */,
				359648BA1D106680003B41D9 /* Frameworks */,
				359648BB1D106680003B41D9 /* Resources */,
			);
			buildRules = (
			);
			dependencies = (
			);
			name = NoStoryboard;
			productName = NoStoryboard;
			productReference = 359648BD1D106680003B41D9 /* NoStoryboard.app */;
			productType = "com.apple.product-type.application";
		};
/* End PBXNativeTarget section */

/* Begin PBXProject section */
		359648B51D106680003B41D9 /* Project object */ = {
			isa = PBXProject;
			attributes = {
				LastSwiftUpdateCheck = 0730;
				LastUpgradeCheck = 0730;
				ORGANIZATIONNAME = JeremyPetter;
				TargetAttributes = {
					359648BC1D106680003B41D9 = {
						CreatedOnToolsVersion = 7.3.1;
					};
				};
			};
			buildConfigurationList = 359648B81D106680003B41D9 /* Build configuration list for PBXProject "NoStoryboard" */;
			compatibilityVersion = "Xcode 3.2";
			developmentRegion = English;
			hasScannedForEncodings = 0;
			knownRegions = (
				en,
				Base,
			);
			mainGroup = 359648B41D106680003B41D9;
			productRefGroup = 359648BE1D106680003B41D9 /* Products */;
			projectDirPath = "";
			projectRoot = "";
			targets = (
				359648BC1D106680003B41D9 /* NoStoryboard */,
			);
		};
/* End PBXProject section */

/* Begin PBXResourcesBuildPhase section */
		359648BB1D106680003B41D9 /* Resources */ = {
			isa = PBXResourcesBuildPhase;
			buildActionMask = 2147483647;
			files = (
				359648CB1D106681003B41D9 /* LaunchScreen.storyboard in Resources */,
				359648C81D106681003B41D9 /* Assets.xcassets in Resources */,
			);
			runOnlyForDeploymentPostprocessing = 0;
		};
/* End PBXResourcesBuildPhase section */

/* Begin PBXSourcesBuildPhase section */
		359648B91D106680003B41D9 /* Sources */ = {
			isa = PBXSourcesBuildPhase;
			buildActionMask = 2147483647;
			files = (
				359648D61D106AD8003B41D9 /* MyView.swift in Sources */,
				359648D31D106A26003B41D9 /* MyViewController.swift in Sources */,
				359648C11D106681003B41D9 /* AppDelegate.swift in Sources */,
				359648DA1D1075D9003B41D9 /* MyTableViewCell.swift in Sources */,
				359648D81D107587003B41D9 /* MyTableViewController.swift in Sources */,
			);
			runOnlyForDeploymentPostprocessing = 0;
		};
/* End PBXSourcesBuildPhase section */

/* Begin PBXVariantGroup section */
		359648C91D106681003B41D9 /* LaunchScreen.storyboard */ = {
			isa = PBXVariantGroup;
			children = (
				359648CA1D106681003B41D9 /* Base */,
			);
			name = LaunchScreen.storyboard;
			sourceTree = "<group>";
		};
/* End PBXVariantGroup section */

/* Begin XCBuildConfiguration section */
		359648CD1D106681003B41D9 /* Debug */ = {
			isa = XCBuildConfiguration;
			buildSettings = {
				ALWAYS_SEARCH_USER_PATHS = NO;
				CLANG_ANALYZER_NONNULL = YES;
				CLANG_CXX_LANGUAGE_STANDARD = "gnu++0x";
				CLANG_CXX_LIBRARY = "libc++";
				CLANG_ENABLE_MODULES = YES;
				CLANG_ENABLE_OBJC_ARC = YES;
				CLANG_WARN_BOOL_CONVERSION = YES;
				CLANG_WARN_CONSTANT_CONVERSION = YES;
				CLANG_WARN_DIRECT_OBJC_ISA_USAGE = YES_ERROR;
				CLANG_WARN_EMPTY_BODY = YES;
				CLANG_WARN_ENUM_CONVERSION = YES;
				CLANG_WARN_INT_CONVERSION = YES;
				CLANG_WARN_OBJC_ROOT_CLASS = YES_ERROR;
				CLANG_WARN_UNREACHABLE_CODE = YES;
				CLANG_WARN__DUPLICATE_METHOD_MATCH = YES;
				"CODE_SIGN_IDENTITY[sdk=iphoneos*]" = "iPhone Developer";
				COPY_PHASE_STRIP = NO;
				DEBUG_INFORMATION_FORMAT = dwarf;
				ENABLE_STRICT_OBJC_MSGSEND = YES;
				ENABLE_TESTABILITY = YES;
				GCC_C_LANGUAGE_STANDARD = gnu99;
				GCC_DYNAMIC_NO_PIC = NO;
				GCC_NO_COMMON_BLOCKS = YES;
				GCC_OPTIMIZATION_LEVEL = 0;
				GCC_PREPROCESSOR_DEFINITIONS = (
					"DEBUG=1",
					"$(inherited)",
				);
				GCC_WARN_64_TO_32_BIT_CONVERSION = YES;
				GCC_WARN_ABOUT_RETURN_TYPE = YES_ERROR;
				GCC_WARN_UNDECLARED_SELECTOR = YES;
				GCC_WARN_UNINITIALIZED_AUTOS = YES_AGGRESSIVE;
				GCC_WARN_UNUSED_FUNCTION = YES;
				GCC_WARN_UNUSED_VARIABLE = YES;
				IPHONEOS_DEPLOYMENT_TARGET = 9.3;
				MTL_ENABLE_DEBUG_INFO = YES;
				ONLY_ACTIVE_ARCH = YES;
				SDKROOT = iphoneos;
				SWIFT_OPTIMIZATION_LEVEL = "-Onone";
			};
			name = Debug;
		};
		359648CE1D106681003B41D9 /* Release */ = {
			isa = XCBuildConfiguration;
			buildSettings = {
				ALWAYS_SEARCH_USER_PATHS = NO;
				CLANG_ANALYZER_NONNULL = YES;
				CLANG_CXX_LANGUAGE_STANDARD = "gnu++0x";
				CLANG_CXX_LIBRARY = "libc++";
				CLANG_ENABLE_MODULES = YES;
				CLANG_ENABLE_OBJC_ARC = YES;
				CLANG_WARN_BOOL_CONVERSION = YES;
				CLANG_WARN_CONSTANT_CONVERSION = YES;
				CLANG_WARN_DIRECT_OBJC_ISA_USAGE = YES_ERROR;
				CLANG_WARN_EMPTY_BODY = YES;
				CLANG_WARN_ENUM_CONVERSION = YES;
				CLANG_WARN_INT_CONVERSION = YES;
				CLANG_WARN_OBJC_ROOT_CLASS = YES_ERROR;
				CLANG_WARN_UNREACHABLE_CODE = YES;
				CLANG_WARN__DUPLICATE_METHOD_MATCH = YES;
				"CODE_SIGN_IDENTITY[sdk=iphoneos*]" = "iPhone Developer";
				COPY_PHASE_STRIP = NO;
				DEBUG_INFORMATION_FORMAT = "dwarf-with-dsym";
				ENABLE_NS_ASSERTIONS = NO;
				ENABLE_STRICT_OBJC_MSGSEND = YES;
				GCC_C_LANGUAGE_STANDARD = gnu99;
				GCC_NO_COMMON_BLOCKS = YES;
				GCC_WARN_64_TO_32_BIT_CONVERSION = YES;
				GCC_WARN_ABOUT_RETURN_TYPE = YES_ERROR;
				GCC_WARN_UNDECLARED_SELECTOR = YES;
				GCC_WARN_UNINITIALIZED_AUTOS = YES_AGGRESSIVE;
				GCC_WARN_UNUSED_FUNCTION = YES;
				GCC_WARN_UNUSED_VARIABLE = YES;
				IPHONEOS_DEPLOYMENT_TARGET = 9.3;
				MTL_ENABLE_DEBUG_INFO = NO;
				SDKROOT = iphoneos;
				VALIDATE_PRODUCT = YES;
			};
			name = Release;
		};
		359648D01D106681003B41D9 /* Debug */ = {
			isa = XCBuildConfiguration;
			buildSettings = {
				ASSETCATALOG_COMPILER_APPICON_NAME = AppIcon;
				INFOPLIST_FILE = NoStoryboard/Info.plist;
				LD_RUNPATH_SEARCH_PATHS = "$(inherited) @executable_path/Frameworks";
				PRODUCT_BUNDLE_IDENTIFIER = com.JeremyPetter.NoStoryboard;
				PRODUCT_NAME = "$(TARGET_NAME)";
			};
			name = Debug;
		};
		359648D11D106681003B41D9 /* Release */ = {
			isa = XCBuildConfiguration;
			buildSettings = {
				ASSETCATALOG_COMPILER_APPICON_NAME = AppIcon;
				INFOPLIST_FILE = NoStoryboard/Info.plist;
				LD_RUNPATH_SEARCH_PATHS = "$(inherited) @executable_path/Frameworks";
				PRODUCT_BUNDLE_IDENTIFIER = com.JeremyPetter.NoStoryboard;
				PRODUCT_NAME = "$(TARGET_NAME)";
			};
			name = Release;
		};
/* End XCBuildConfiguration section */

/* Begin XCConfigurationList section */
		359648B81D106680003B41D9 /* Build configuration list for PBXProject "NoStoryboard" */ = {
			isa = XCConfigurationList;
			buildConfigurations = (
				359648CD1D106681003B41D9 /* Debug */,
				359648CE1D106681003B41D9 /* Release */,
			);
			defaultConfigurationIsVisible = 0;
			defaultConfigurationName = Release;
		};
		359648CF1D106681003B41D9 /* Build configuration list for PBXNativeTarget "NoStoryboard" */ = {
			isa = XCConfigurationList;
			buildConfigurations = (
				359648D01D106681003B41D9 /* Debug */,
				359648D11D106681003B41D9 /* Release */,
			);
			defaultConfigurationIsVisible = 0;
		};
/* End XCConfigurationList section */
	};
	rootObject = 359648B51D106680003B41D9 /* Project object */;
}
